
Microsoft Visual Studio Solution File, Format Version 12.00
# Visual Studio Version 17
VisualStudioVersion = 17.3.32929.385
MinimumVisualStudioVersion = 10.0.40219.1
Project("{FAE04EC0-301F-11D3-BF4B-00C04F79EFBC}") = "n01.Hola", "n01.Hola\n01.Hola.csproj", "{7A092419-7A46-47D7-93A3-CDE5DA4699E5}"
EndProject
Project("{FAE04EC0-301F-11D3-BF4B-00C04F79EFBC}") = "n02.SumaPorTeclado", "n02.SumaPorTeclado\n02.SumaPorTeclado.csproj", "{0888BF1C-2871-4D9B-94B3-E12A060F5BFC}"
EndProject
Project("{FAE04EC0-301F-11D3-BF4B-00C04F79EFBC}") = "n03.UnoACien", "n03.UnoACien\n03.UnoACien.csproj", "{7A90ECBE-FEE9-4AC4-BE0D-883C969214B5}"
EndProject
Project("{FAE04EC0-301F-11D3-BF4B-00C04F79EFBC}") = "n04.CienACero", "n04.CienACero\n04.CienACero.csproj", "{FC6E5B4B-C2F3-49F0-BC64-EB1D4F23186C}"
EndProject
Project("{FAE04EC0-301F-11D3-BF4B-00C04F79EFBC}") = "n05.SumaDeUnoACien", "n05.SumaDeUnoACien\n05.SumaDeUnoACien.csproj", "{766F8C53-27B9-4F8E-80A7-8258E7D65435}"
EndProject
Project("{FAE04EC0-301F-11D3-BF4B-00C04F79EFBC}") = "n06.SumaParesYMultiplosCeroACien", "n06.SumaParesYMultiplosCeroACien\n06.SumaParesYMultiplosCeroACien.csproj", "{5E362B4D-C0D1-4A25-ABF7-FCD496DD1552}"
EndProject
Project("{FAE04EC0-301F-11D3-BF4B-00C04F79EFBC}") = "n07.TablasMultiplicar", "n07.TablasMultiplicar\n07.TablasMultiplicar.csproj", "{8FC75BDC-E3B9-40A9-B898-6E9F34A16BE0}"
EndProject
Project("{FAE04EC0-301F-11D3-BF4B-00C04F79EFBC}") = "n08.CalcularDivisores", "n08.CalcularDivisores\n08.CalcularDivisores.csproj", "{5ADB7B01-3306-44DC-A270-EA7D4BC02018}"
EndProject
Project("{FAE04EC0-301F-11D3-BF4B-00C04F79EFBC}") = "n09.ContarDesdeAHastaB", "n09.ContarDesdeAHastaB\n09.ContarDesdeAHastaB.csproj", "{9015A95D-3146-4347-BFA4-FC87D8E6DA83}"
EndProject
Project("{FAE04EC0-301F-11D3-BF4B-00C04F79EFBC}") = "n10.SumarDesdeAHastaB", "n10.SumarDesdeAHastaB\n10.SumarDesdeAHastaB.csproj", "{2085C659-98B1-4A01-9052-F2DE9862B7B4}"
EndProject
Global
	GlobalSection(SolutionConfigurationPlatforms) = preSolution
		Debug|Any CPU = Debug|Any CPU
		Release|Any CPU = Release|Any CPU
	EndGlobalSection
	GlobalSection(ProjectConfigurationPlatforms) = postSolution
		{7A092419-7A46-47D7-93A3-CDE5DA4699E5}.Debug|Any CPU.ActiveCfg = Debug|Any CPU
		{7A092419-7A46-47D7-93A3-CDE5DA4699E5}.Debug|Any CPU.Build.0 = Debug|Any CPU
		{7A092419-7A46-47D7-93A3-CDE5DA4699E5}.Release|Any CPU.ActiveCfg = Release|Any CPU
		{7A092419-7A46-47D7-93A3-CDE5DA4699E5}.Release|Any CPU.Build.0 = Release|Any CPU
		{0888BF1C-2871-4D9B-94B3-E12A060F5BFC}.Debug|Any CPU.ActiveCfg = Debug|Any CPU
		{0888BF1C-2871-4D9B-94B3-E12A060F5BFC}.Debug|Any CPU.Build.0 = Debug|Any CPU
		{0888BF1C-2871-4D9B-94B3-E12A060F5BFC}.Release|Any CPU.ActiveCfg = Release|Any CPU
		{0888BF1C-2871-4D9B-94B3-E12A060F5BFC}.Release|Any CPU.Build.0 = Release|Any CPU
		{7A90ECBE-FEE9-4AC4-BE0D-883C969214B5}.Debug|Any CPU.ActiveCfg = Debug|Any CPU
		{7A90ECBE-FEE9-4AC4-BE0D-883C969214B5}.Debug|Any CPU.Build.0 = Debug|Any CPU
		{7A90ECBE-FEE9-4AC4-BE0D-883C969214B5}.Release|Any CPU.ActiveCfg = Release|Any CPU
		{7A90ECBE-FEE9-4AC4-BE0D-883C969214B5}.Release|Any CPU.Build.0 = Release|Any CPU
		{FC6E5B4B-C2F3-49F0-BC64-EB1D4F23186C}.Debug|Any CPU.ActiveCfg = Debug|Any CPU
		{FC6E5B4B-C2F3-49F0-BC64-EB1D4F23186C}.Debug|Any CPU.Build.0 = Debug|Any CPU
		{FC6E5B4B-C2F3-49F0-BC64-EB1D4F23186C}.Release|Any CPU.ActiveCfg = Release|Any CPU
		{FC6E5B4B-C2F3-49F0-BC64-EB1D4F23186C}.Release|Any CPU.Build.0 = Release|Any CPU
		{766F8C53-27B9-4F8E-80A7-8258E7D65435}.Debug|Any CPU.ActiveCfg = Debug|Any CPU
		{766F8C53-27B9-4F8E-80A7-8258E7D65435}.Debug|Any CPU.Build.0 = Debug|Any CPU
		{766F8C53-27B9-4F8E-80A7-8258E7D65435}.Release|Any CPU.ActiveCfg = Release|Any CPU
		{766F8C53-27B9-4F8E-80A7-8258E7D65435}.Release|Any CPU.Build.0 = Release|Any CPU
		{5E362B4D-C0D1-4A25-ABF7-FCD496DD1552}.Debug|Any CPU.ActiveCfg = Debug|Any CPU
		{5E362B4D-C0D1-4A25-ABF7-FCD496DD1552}.Debug|Any CPU.Build.0 = Debug|Any CPU
		{5E362B4D-C0D1-4A25-ABF7-FCD496DD1552}.Release|Any CPU.ActiveCfg = Release|Any CPU
		{5E362B4D-C0D1-4A25-ABF7-FCD496DD1552}.Release|Any CPU.Build.0 = Release|Any CPU
		{8FC75BDC-E3B9-40A9-B898-6E9F34A16BE0}.Debug|Any CPU.ActiveCfg = Debug|Any CPU
		{8FC75BDC-E3B9-40A9-B898-6E9F34A16BE0}.Debug|Any CPU.Build.0 = Debug|Any CPU
		{8FC75BDC-E3B9-40A9-B898-6E9F34A16BE0}.Release|Any CPU.ActiveCfg = Release|Any CPU
		{8FC75BDC-E3B9-40A9-B898-6E9F34A16BE0}.Release|Any CPU.Build.0 = Release|Any CPU
		{5ADB7B01-3306-44DC-A270-EA7D4BC02018}.Debug|Any CPU.ActiveCfg = Debug|Any CPU
		{5ADB7B01-3306-44DC-A270-EA7D4BC02018}.Debug|Any CPU.Build.0 = Debug|Any CPU
		{5ADB7B01-3306-44DC-A270-EA7D4BC02018}.Release|Any CPU.ActiveCfg = Release|Any CPU
		{5ADB7B01-3306-44DC-A270-EA7D4BC02018}.Release|Any CPU.Build.0 = Release|Any CPU
		{9015A95D-3146-4347-BFA4-FC87D8E6DA83}.Debug|Any CPU.ActiveCfg = Debug|Any CPU
		{9015A95D-3146-4347-BFA4-FC87D8E6DA83}.Debug|Any CPU.Build.0 = Debug|Any CPU
		{9015A95D-3146-4347-BFA4-FC87D8E6DA83}.Release|Any CPU.ActiveCfg = Release|Any CPU
		{9015A95D-3146-4347-BFA4-FC87D8E6DA83}.Release|Any CPU.Build.0 = Release|Any CPU
		{2085C659-98B1-4A01-9052-F2DE9862B7B4}.Debug|Any CPU.ActiveCfg = Debug|Any CPU
		{2085C659-98B1-4A01-9052-F2DE9862B7B4}.Debug|Any CPU.Build.0 = Debug|Any CPU
		{2085C659-98B1-4A01-9052-F2DE9862B7B4}.Release|Any CPU.ActiveCfg = Release|Any CPU
		{2085C659-98B1-4A01-9052-F2DE9862B7B4}.Release|Any CPU.Build.0 = Release|Any CPU
	EndGlobalSection
	GlobalSection(SolutionProperties) = preSolution
		HideSolutionNode = FALSE
	EndGlobalSection
	GlobalSection(ExtensibilityGlobals) = postSolution
		SolutionGuid = {8384E077-7BC6-4528-8F48-3D7A7B4BD088}
	EndGlobalSection
EndGlobal
